{
    "name": "example-app",
    "lockfileVersion": 3,
    "packages": {
        "": {
            "name": "example-app",
            "version": "0.0.1"
        },
        "node_modules/tailwindcss": {
            "version": "4.0.0",
            "name": "tailwindcss"
        },
        "node_modules/alpinejs": {
            "version": "3.13.5",
            "name": "alpinejs"
        }
    }
}
